
Microsoft Visual Studio Solution File, Format Version 12.00
# Visual Studio Version 17
VisualStudioVersion = 17.11.35222.181
MinimumVisualStudioVersion = 10.0.40219.1
Project("{FAE04EC0-301F-11D3-BF4B-00C04F79EFBC}") = "Farmacia.WebPage", "Farmacia.WebPage\Farmacia.WebPage.csproj", "{06DF4CA8-85A5-4645-9DBA-9C4EFBE012CF}"
EndProject
Project("{FAE04EC0-301F-11D3-BF4B-00C04F79EFBC}") = "Farmacia.Domain", "Farmacia.Domain\Farmacia.Domain.csproj", "{4B88B044-0891-4BA8-888B-AEE82D233A21}"
EndProject
Project("{FAE04EC0-301F-11D3-BF4B-00C04F79EFBC}") = "Farmacia.Data", "Farmacia.Data\Farmacia.Data.csproj", "{2C500D4E-94FD-4443-81DE-73B6E6D1D971}"
EndProject
Global
	GlobalSection(SolutionConfigurationPlatforms) = preSolution
		Debug|Any CPU = Debug|Any CPU
		Release|Any CPU = Release|Any CPU
	EndGlobalSection
	GlobalSection(ProjectConfigurationPlatforms) = postSolution
		{06DF4CA8-85A5-4645-9DBA-9C4EFBE012CF}.Debug|Any CPU.ActiveCfg = Debug|Any CPU
		{06DF4CA8-85A5-4645-9DBA-9C4EFBE012CF}.Debug|Any CPU.Build.0 = Debug|Any CPU
		{06DF4CA8-85A5-4645-9DBA-9C4EFBE012CF}.Release|Any CPU.ActiveCfg = Release|Any CPU
		{06DF4CA8-85A5-4645-9DBA-9C4EFBE012CF}.Release|Any CPU.Build.0 = Release|Any CPU
		{4B88B044-0891-4BA8-888B-AEE82D233A21}.Debug|Any CPU.ActiveCfg = Debug|Any CPU
		{4B88B044-0891-4BA8-888B-AEE82D233A21}.Debug|Any CPU.Build.0 = Debug|Any CPU
		{4B88B044-0891-4BA8-888B-AEE82D233A21}.Release|Any CPU.ActiveCfg = Release|Any CPU
		{4B88B044-0891-4BA8-888B-AEE82D233A21}.Release|Any CPU.Build.0 = Release|Any CPU
		{2C500D4E-94FD-4443-81DE-73B6E6D1D971}.Debug|Any CPU.ActiveCfg = Debug|Any CPU
		{2C500D4E-94FD-4443-81DE-73B6E6D1D971}.Debug|Any CPU.Build.0 = Debug|Any CPU
		{2C500D4E-94FD-4443-81DE-73B6E6D1D971}.Release|Any CPU.ActiveCfg = Release|Any CPU
		{2C500D4E-94FD-4443-81DE-73B6E6D1D971}.Release|Any CPU.Build.0 = Release|Any CPU
	EndGlobalSection
	GlobalSection(SolutionProperties) = preSolution
		HideSolutionNode = FALSE
	EndGlobalSection
	GlobalSection(ExtensibilityGlobals) = postSolution
		SolutionGuid = {6D3CF27B-E8C7-46F4-8627-1457CCCB401E}
	EndGlobalSection
EndGlobal
